
Microsoft Visual Studio Solution File, Format Version 12.00
# Visual Studio Version 16
VisualStudioVersion = 16.0.32228.343
MinimumVisualStudioVersion = 10.0.40219.1
Project("{FAE04EC0-301F-11D3-BF4B-00C04F79EFBC}") = "083_ActDataGrid_C", "083_ActDataGrid_C\083_ActDataGrid_C.csproj", "{147271D4-A6EF-4B81-960A-1482549A397C}"
EndProject
Global
	GlobalSection(SolutionConfigurationPlatforms) = preSolution
		Debug|Any CPU = Debug|Any CPU
		Release|Any CPU = Release|Any CPU
	EndGlobalSection
	GlobalSection(ProjectConfigurationPlatforms) = postSolution
		{147271D4-A6EF-4B81-960A-1482549A397C}.Debug|Any CPU.ActiveCfg = Debug|Any CPU
		{147271D4-A6EF-4B81-960A-1482549A397C}.Debug|Any CPU.Build.0 = Debug|Any CPU
		{147271D4-A6EF-4B81-960A-1482549A397C}.Release|Any CPU.ActiveCfg = Release|Any CPU
		{147271D4-A6EF-4B81-960A-1482549A397C}.Release|Any CPU.Build.0 = Release|Any CPU
	EndGlobalSection
	GlobalSection(SolutionProperties) = preSolution
		HideSolutionNode = FALSE
	EndGlobalSection
	GlobalSection(ExtensibilityGlobals) = postSolution
		SolutionGuid = {74E6B675-6F3D-4CD7-8E1E-2A83FE0F3FB2}
	EndGlobalSection
EndGlobal
